github.com/christt105/hugo-mediatracker-theme v0.1.0 h1:iMLZwSWFANRam+e/xCxOUCm4JVXzm75L5Y5rqEGYyzY=
github.com/christt105/hugo-mediatracker-theme v0.1.0/go.mod h1:DjcfVdJafvj2CfwRrJ072sWjf5uV4XNWUdCV6gFXzQA=
github.com/christt105/hugo-mediatracker-theme v0.2.0 h1:0kezxbRlTBxgCUTaLzc/OrGlLK2301LhtzhgIKxE8ts=
github.com/christt105/hugo-mediatracker-theme v0.2.0/go.mod h1:DjcfVdJafvj2CfwRrJ072sWjf5uV4XNWUdCV6gFXzQA=
github.com/christt105/hugo-mediatracker-theme v0.3.0 h1:YeYATHtvPKYvJfSQCJ6hinhiJsuTcdG04N6M5TadptE=
github.com/christt105/hugo-mediatracker-theme v0.3.0/go.mod h1:DjcfVdJafvj2CfwRrJ072sWjf5uV4XNWUdCV6gFXzQA=
github.com/christt105/hugo-mediatracker-theme v0.4.0 h1:auW6PFmk7kcMBSEKzZKEKqjl07qXTc0iAxoBO9gO1Lk=
github.com/christt105/hugo-mediatracker-theme v0.4.0/go.mod h1:DjcfVdJafvj2CfwRrJ072sWjf5uV4XNWUdCV6gFXzQA=
github.com/christt105/hugo-mediatracker-theme v0.4.1 h1:fVbJDNhpSuJ8KK0J73F/UWc75TIf757nVXqfUzwTN1E=
github.com/christt105/hugo-mediatracker-theme v0.4.1/go.mod h1:DjcfVdJafvj2CfwRrJ072sWjf5uV4XNWUdCV6gFXzQA=
github.com/christt105/hugo-mediatracker-theme v0.4.2 h1:7+TjABm56OcEERveIx5871HPxv6QRtHYAXJ0m9jhmak=
github.com/christt105/hugo-mediatracker-theme v0.4.2/go.mod h1:DjcfVdJafvj2CfwRrJ072sWjf5uV4XNWUdCV6gFXzQA=
github.com/christt105/hugo-mediatracker-theme v0.4.3 h1:urm98LYK8w8oquxsiOwPdTBYBa3FUmHoL9EJ0GEWuJE=
github.com/christt105/hugo-mediatracker-theme v0.4.3/go.mod h1:DjcfVdJafvj2CfwRrJ072sWjf5uV4XNWUdCV6gFXzQA=
github.com/christt105/hugo-mediatracker-theme v0.4.4 h1:GcQMy+GaAeZ5gmu5kOAFYLnf3xEOk2izSBLtLqa35DU=
github.com/christt105/hugo-mediatracker-theme v0.4.4/go.mod h1:DjcfVdJafvj2CfwRrJ072sWjf5uV4XNWUdCV6gFXzQA=
